
Microsoft Visual Studio Solution File, Format Version 12.00
# Visual Studio Version 17
VisualStudioVersion = 17.4.33213.308
MinimumVisualStudioVersion = 10.0.40219.1
Project("{9A19103F-16F7-4668-BE54-9A1E7A4F7556}") = "WebApi", "WebApi\WebApi.csproj", "{D23122F1-AE8B-4BF6-8BD8-D3AA0F134931}"
EndProject
Project("{2150E333-8FDC-42A3-9474-1A3956D46DE8}") = "Tests", "Tests", "{2CA33402-4F58-49DE-8A67-54B49E50DF98}"
EndProject
Project("{FAE04EC0-301F-11D3-BF4B-00C04F79EFBC}") = "WebApi.UnitTests", "WebApi.UnitTests\WebApi.UnitTests.csproj", "{7FAC14AF-980A-4A95-B1AD-756FBA365B7B}"
EndProject
Global
	GlobalSection(SolutionConfigurationPlatforms) = preSolution
		Debug|Any CPU = Debug|Any CPU
		Release|Any CPU = Release|Any CPU
	EndGlobalSection
	GlobalSection(ProjectConfigurationPlatforms) = postSolution
		{D23122F1-AE8B-4BF6-8BD8-D3AA0F134931}.Debug|Any CPU.ActiveCfg = Debug|Any CPU
		{D23122F1-AE8B-4BF6-8BD8-D3AA0F134931}.Debug|Any CPU.Build.0 = Debug|Any CPU
		{D23122F1-AE8B-4BF6-8BD8-D3AA0F134931}.Release|Any CPU.ActiveCfg = Release|Any CPU
		{D23122F1-AE8B-4BF6-8BD8-D3AA0F134931}.Release|Any CPU.Build.0 = Release|Any CPU
		{7FAC14AF-980A-4A95-B1AD-756FBA365B7B}.Debug|Any CPU.ActiveCfg = Debug|Any CPU
		{7FAC14AF-980A-4A95-B1AD-756FBA365B7B}.Debug|Any CPU.Build.0 = Debug|Any CPU
		{7FAC14AF-980A-4A95-B1AD-756FBA365B7B}.Release|Any CPU.ActiveCfg = Release|Any CPU
		{7FAC14AF-980A-4A95-B1AD-756FBA365B7B}.Release|Any CPU.Build.0 = Release|Any CPU
	EndGlobalSection
	GlobalSection(SolutionProperties) = preSolution
		HideSolutionNode = FALSE
	EndGlobalSection
	GlobalSection(NestedProjects) = preSolution
		{7FAC14AF-980A-4A95-B1AD-756FBA365B7B} = {2CA33402-4F58-49DE-8A67-54B49E50DF98}
	EndGlobalSection
	GlobalSection(ExtensibilityGlobals) = postSolution
		SolutionGuid = {D423835F-9A3E-4DAD-9349-B19CB0F2402C}
	EndGlobalSection
EndGlobal
